
Microsoft Visual Studio Solution File, Format Version 12.00
# Visual Studio Version 16
VisualStudioVersion = 16.0.30523.141
MinimumVisualStudioVersion = 10.0.40219.1
Project("{FAE04EC0-301F-11D3-BF4B-00C04F79EFBC}") = "CarRecords", "CarRecords\CarRecords.csproj", "{8AC83393-34A1-41C0-970E-9E7D58B3C91F}"
EndProject
Global
	GlobalSection(SolutionConfigurationPlatforms) = preSolution
		Debug|Any CPU = Debug|Any CPU
		Release|Any CPU = Release|Any CPU
	EndGlobalSection
	GlobalSection(ProjectConfigurationPlatforms) = postSolution
		{8AC83393-34A1-41C0-970E-9E7D58B3C91F}.Debug|Any CPU.ActiveCfg = Debug|Any CPU
		{8AC83393-34A1-41C0-970E-9E7D58B3C91F}.Debug|Any CPU.Build.0 = Debug|Any CPU
		{8AC83393-34A1-41C0-970E-9E7D58B3C91F}.Release|Any CPU.ActiveCfg = Release|Any CPU
		{8AC83393-34A1-41C0-970E-9E7D58B3C91F}.Release|Any CPU.Build.0 = Release|Any CPU
	EndGlobalSection
	GlobalSection(SolutionProperties) = preSolution
		HideSolutionNode = FALSE
	EndGlobalSection
	GlobalSection(ExtensibilityGlobals) = postSolution
		SolutionGuid = {58210B24-BBB7-49AF-9C3D-4EDEA2DA7EC1}
	EndGlobalSection
EndGlobal
