
Microsoft Visual Studio Solution File, Format Version 12.00
# Visual Studio Version 16
VisualStudioVersion = 16.0.30523.141
MinimumVisualStudioVersion = 10.0.40219.1
Project("{FAE04EC0-301F-11D3-BF4B-00C04F79EFBC}") = "MockPracticalExam2", "MockPracticalExam2\MockPracticalExam2.csproj", "{9A923AD6-D7DC-4934-A633-511A772882DC}"
EndProject
Global
	GlobalSection(SolutionConfigurationPlatforms) = preSolution
		Debug|Any CPU = Debug|Any CPU
		Release|Any CPU = Release|Any CPU
	EndGlobalSection
	GlobalSection(ProjectConfigurationPlatforms) = postSolution
		{9A923AD6-D7DC-4934-A633-511A772882DC}.Debug|Any CPU.ActiveCfg = Debug|Any CPU
		{9A923AD6-D7DC-4934-A633-511A772882DC}.Debug|Any CPU.Build.0 = Debug|Any CPU
		{9A923AD6-D7DC-4934-A633-511A772882DC}.Release|Any CPU.ActiveCfg = Release|Any CPU
		{9A923AD6-D7DC-4934-A633-511A772882DC}.Release|Any CPU.Build.0 = Release|Any CPU
	EndGlobalSection
	GlobalSection(SolutionProperties) = preSolution
		HideSolutionNode = FALSE
	EndGlobalSection
	GlobalSection(ExtensibilityGlobals) = postSolution
		SolutionGuid = {31C5BACD-9F88-420F-8236-19298441B008}
	EndGlobalSection
EndGlobal
