
Microsoft Visual Studio Solution File, Format Version 12.00
# Visual Studio Version 16
VisualStudioVersion = 16.0.30320.27
MinimumVisualStudioVersion = 10.0.40219.1
Project("{FAE04EC0-301F-11D3-BF4B-00C04F79EFBC}") = "PuzzleHunters", "PuzzleHunters\PuzzleHunters.csproj", "{3E43E3F0-901C-4A15-979D-AFFCB84444BF}"
EndProject
Project("{FAE04EC0-301F-11D3-BF4B-00C04F79EFBC}") = "WingsHeaven", "WingsHeaven\WingsHeaven.csproj", "{8237DFDF-AEFB-41A8-A504-96E6EF37E96A}"
EndProject
Global
	GlobalSection(SolutionConfigurationPlatforms) = preSolution
		Debug|Any CPU = Debug|Any CPU
		Release|Any CPU = Release|Any CPU
	EndGlobalSection
	GlobalSection(ProjectConfigurationPlatforms) = postSolution
		{3E43E3F0-901C-4A15-979D-AFFCB84444BF}.Debug|Any CPU.ActiveCfg = Debug|Any CPU
		{3E43E3F0-901C-4A15-979D-AFFCB84444BF}.Debug|Any CPU.Build.0 = Debug|Any CPU
		{3E43E3F0-901C-4A15-979D-AFFCB84444BF}.Release|Any CPU.ActiveCfg = Release|Any CPU
		{3E43E3F0-901C-4A15-979D-AFFCB84444BF}.Release|Any CPU.Build.0 = Release|Any CPU
		{8237DFDF-AEFB-41A8-A504-96E6EF37E96A}.Debug|Any CPU.ActiveCfg = Debug|Any CPU
		{8237DFDF-AEFB-41A8-A504-96E6EF37E96A}.Debug|Any CPU.Build.0 = Debug|Any CPU
		{8237DFDF-AEFB-41A8-A504-96E6EF37E96A}.Release|Any CPU.ActiveCfg = Release|Any CPU
		{8237DFDF-AEFB-41A8-A504-96E6EF37E96A}.Release|Any CPU.Build.0 = Release|Any CPU
	EndGlobalSection
	GlobalSection(SolutionProperties) = preSolution
		HideSolutionNode = FALSE
	EndGlobalSection
	GlobalSection(ExtensibilityGlobals) = postSolution
		SolutionGuid = {15D4BA91-152A-43DA-BD3C-99E5DE2F1A7F}
	EndGlobalSection
EndGlobal
