
Microsoft Visual Studio Solution File, Format Version 12.00
# Visual Studio Version 16
VisualStudioVersion = 16.0.30523.141
MinimumVisualStudioVersion = 10.0.40219.1
Project("{FAE04EC0-301F-11D3-BF4B-00C04F79EFBC}") = "DT_And_Enums", "DT_And_Enums\DT_And_Enums.csproj", "{7A027033-F39D-4D27-BD4E-A1331B91AB5F}"
EndProject
Project("{FAE04EC0-301F-11D3-BF4B-00C04F79EFBC}") = "Enums", "Enums\Enums.csproj", "{94515B28-7645-4852-8EC1-E40B2E158857}"
EndProject
Global
	GlobalSection(SolutionConfigurationPlatforms) = preSolution
		Debug|Any CPU = Debug|Any CPU
		Release|Any CPU = Release|Any CPU
	EndGlobalSection
	GlobalSection(ProjectConfigurationPlatforms) = postSolution
		{7A027033-F39D-4D27-BD4E-A1331B91AB5F}.Debug|Any CPU.ActiveCfg = Debug|Any CPU
		{7A027033-F39D-4D27-BD4E-A1331B91AB5F}.Debug|Any CPU.Build.0 = Debug|Any CPU
		{7A027033-F39D-4D27-BD4E-A1331B91AB5F}.Release|Any CPU.ActiveCfg = Release|Any CPU
		{7A027033-F39D-4D27-BD4E-A1331B91AB5F}.Release|Any CPU.Build.0 = Release|Any CPU
		{94515B28-7645-4852-8EC1-E40B2E158857}.Debug|Any CPU.ActiveCfg = Debug|Any CPU
		{94515B28-7645-4852-8EC1-E40B2E158857}.Debug|Any CPU.Build.0 = Debug|Any CPU
		{94515B28-7645-4852-8EC1-E40B2E158857}.Release|Any CPU.ActiveCfg = Release|Any CPU
		{94515B28-7645-4852-8EC1-E40B2E158857}.Release|Any CPU.Build.0 = Release|Any CPU
	EndGlobalSection
	GlobalSection(SolutionProperties) = preSolution
		HideSolutionNode = FALSE
	EndGlobalSection
	GlobalSection(ExtensibilityGlobals) = postSolution
		SolutionGuid = {4168BBBF-5129-4662-8F51-95E5DE9C83E1}
	EndGlobalSection
EndGlobal
